
Microsoft Visual Studio Solution File, Format Version 12.00
# Visual Studio Version 17
VisualStudioVersion = 17.2.32516.85
MinimumVisualStudioVersion = 10.0.40219.1
Project("{8BC9CEB8-8B4A-11D0-8D11-00A0C91BC942}") = "Randy3DApp", "Randy3DApp\Randy3DApp.vcxproj", "{41CBF254-3D62-45E5-B2E8-084D9B6A614C}"
EndProject
Project("{8BC9CEB8-8B4A-11D0-8D11-00A0C91BC942}") = "Randy3D", "Randy3D\Randy3D.vcxproj", "{91C6D0FD-40A6-449F-86DD-0F4B96B4FCF6}"
EndProject
Global
	GlobalSection(SolutionConfigurationPlatforms) = preSolution
		Debug|x64 = Debug|x64
		Release|x64 = Release|x64
	EndGlobalSection
	GlobalSection(ProjectConfigurationPlatforms) = postSolution
		{91C6D0FD-40A6-449F-86DD-0F4B96B4FCF6}.Debug|x64.ActiveCfg = Debug|x64
		{91C6D0FD-40A6-449F-86DD-0F4B96B4FCF6}.Debug|x64.Build.0 = Debug|x64
		{91C6D0FD-40A6-449F-86DD-0F4B96B4FCF6}.Release|x64.ActiveCfg = Release|x64
		{91C6D0FD-40A6-449F-86DD-0F4B96B4FCF6}.Release|x64.Build.0 = Release|x64
		{41CBF254-3D62-45E5-B2E8-084D9B6A614C}.Debug|x64.ActiveCfg = Debug|x64
		{41CBF254-3D62-45E5-B2E8-084D9B6A614C}.Debug|x64.Build.0 = Debug|x64
		{41CBF254-3D62-45E5-B2E8-084D9B6A614C}.Release|x64.ActiveCfg = Release|x64
		{41CBF254-3D62-45E5-B2E8-084D9B6A614C}.Release|x64.Build.0 = Release|x64
	EndGlobalSection
	GlobalSection(SolutionProperties) = preSolution
		HideSolutionNode = FALSE
	EndGlobalSection
	GlobalSection(ExtensibilityGlobals) = postSolution
		SolutionGuid = {F4322AE3-0C0F-40BB-9F27-C71E70878498}
	EndGlobalSection
EndGlobal
